
Microsoft Visual Studio Solution File, Format Version 12.00
Project("{2150E333-8FDC-42A3-9474-1A3956D46DE8}") = "src", "src", "{5DFB6F40-E1DE-45AB-B98B-E6D0A61601E9}"
EndProject
Project("{FAE04EC0-301F-11D3-BF4B-00C04F79EFBC}") = "ProjectManagement.Api", "src\ProjectManagement.Api\ProjectManagement.Api.csproj", "{9900FB6C-0D17-49C8-9E49-8D6D01B50419}"
EndProject
Project("{2150E333-8FDC-42A3-9474-1A3956D46DE8}") = "tests", "tests", "{FB0AFFB0-9591-4E01-984F-B1440FC72CF0}"
EndProject
Project("{FAE04EC0-301F-11D3-BF4B-00C04F79EFBC}") = "ProjectManagement.Api.UnitTests", "tests\ProjectManagement.Api.UnitTests\ProjectManagement.Api.UnitTests.csproj", "{4A5DCD0E-F208-465B-B51C-E200448143C8}"
EndProject
Global
	GlobalSection(SolutionConfigurationPlatforms) = preSolution
		Debug|Any CPU = Debug|Any CPU
		Release|Any CPU = Release|Any CPU
	EndGlobalSection
	GlobalSection(NestedProjects) = preSolution
		{9900FB6C-0D17-49C8-9E49-8D6D01B50419} = {5DFB6F40-E1DE-45AB-B98B-E6D0A61601E9}
		{4A5DCD0E-F208-465B-B51C-E200448143C8} = {FB0AFFB0-9591-4E01-984F-B1440FC72CF0}
	EndGlobalSection
	GlobalSection(ProjectConfigurationPlatforms) = postSolution
		{9900FB6C-0D17-49C8-9E49-8D6D01B50419}.Debug|Any CPU.ActiveCfg = Debug|Any CPU
		{9900FB6C-0D17-49C8-9E49-8D6D01B50419}.Debug|Any CPU.Build.0 = Debug|Any CPU
		{9900FB6C-0D17-49C8-9E49-8D6D01B50419}.Release|Any CPU.ActiveCfg = Release|Any CPU
		{9900FB6C-0D17-49C8-9E49-8D6D01B50419}.Release|Any CPU.Build.0 = Release|Any CPU
		{4A5DCD0E-F208-465B-B51C-E200448143C8}.Debug|Any CPU.ActiveCfg = Debug|Any CPU
		{4A5DCD0E-F208-465B-B51C-E200448143C8}.Debug|Any CPU.Build.0 = Debug|Any CPU
		{4A5DCD0E-F208-465B-B51C-E200448143C8}.Release|Any CPU.ActiveCfg = Release|Any CPU
		{4A5DCD0E-F208-465B-B51C-E200448143C8}.Release|Any CPU.Build.0 = Release|Any CPU
	EndGlobalSection
EndGlobal
